
Microsoft Visual Studio Solution File, Format Version 12.00
# Visual Studio Version 16
VisualStudioVersion = 16.0.30907.101
MinimumVisualStudioVersion = 10.0.40219.1
Project("{FAE04EC0-301F-11D3-BF4B-00C04F79EFBC}") = "Lab1_Stru_IVT-7_V8", "Lab1_Stru_IVT-7_V8\Lab1_Stru_IVT-7_V8.csproj", "{B630E68A-F179-49DE-B3D6-DC316FFA38BC}"
EndProject
Project("{FAE04EC0-301F-11D3-BF4B-00C04F79EFBC}") = "Lab1_Stru_IVT-7_V8.Tests", "Lab1_Stru_IVT-7_V8.Tests\Lab1_Stru_IVT-7_V8.Tests.csproj", "{B433EB70-949F-4C12-A588-FC3EE3181D44}"
EndProject
Global
	GlobalSection(SolutionConfigurationPlatforms) = preSolution
		Debug|Any CPU = Debug|Any CPU
		Release|Any CPU = Release|Any CPU
	EndGlobalSection
	GlobalSection(ProjectConfigurationPlatforms) = postSolution
		{B630E68A-F179-49DE-B3D6-DC316FFA38BC}.Debug|Any CPU.ActiveCfg = Debug|Any CPU
		{B630E68A-F179-49DE-B3D6-DC316FFA38BC}.Debug|Any CPU.Build.0 = Debug|Any CPU
		{B630E68A-F179-49DE-B3D6-DC316FFA38BC}.Release|Any CPU.ActiveCfg = Release|Any CPU
		{B630E68A-F179-49DE-B3D6-DC316FFA38BC}.Release|Any CPU.Build.0 = Release|Any CPU
		{B433EB70-949F-4C12-A588-FC3EE3181D44}.Debug|Any CPU.ActiveCfg = Debug|Any CPU
		{B433EB70-949F-4C12-A588-FC3EE3181D44}.Debug|Any CPU.Build.0 = Debug|Any CPU
		{B433EB70-949F-4C12-A588-FC3EE3181D44}.Release|Any CPU.ActiveCfg = Release|Any CPU
		{B433EB70-949F-4C12-A588-FC3EE3181D44}.Release|Any CPU.Build.0 = Release|Any CPU
	EndGlobalSection
	GlobalSection(SolutionProperties) = preSolution
		HideSolutionNode = FALSE
	EndGlobalSection
	GlobalSection(ExtensibilityGlobals) = postSolution
		SolutionGuid = {14E07D37-9B58-4928-870D-BB37DD191090}
	EndGlobalSection
EndGlobal
